
Microsoft Visual Studio Solution File, Format Version 12.00
# Visual Studio Version 16
VisualStudioVersion = 16.0.31729.503
MinimumVisualStudioVersion = 10.0.40219.1
Project("{FAE04EC0-301F-11D3-BF4B-00C04F79EFBC}") = "my-books", "my-books\my-books.csproj", "{208033A6-718A-4DEB-ABDB-205972294AEE}"
EndProject
Global
	GlobalSection(SolutionConfigurationPlatforms) = preSolution
		Debug|Any CPU = Debug|Any CPU
		Release|Any CPU = Release|Any CPU
	EndGlobalSection
	GlobalSection(ProjectConfigurationPlatforms) = postSolution
		{208033A6-718A-4DEB-ABDB-205972294AEE}.Debug|Any CPU.ActiveCfg = Debug|Any CPU
		{208033A6-718A-4DEB-ABDB-205972294AEE}.Debug|Any CPU.Build.0 = Debug|Any CPU
		{208033A6-718A-4DEB-ABDB-205972294AEE}.Release|Any CPU.ActiveCfg = Release|Any CPU
		{208033A6-718A-4DEB-ABDB-205972294AEE}.Release|Any CPU.Build.0 = Release|Any CPU
	EndGlobalSection
	GlobalSection(SolutionProperties) = preSolution
		HideSolutionNode = FALSE
	EndGlobalSection
	GlobalSection(ExtensibilityGlobals) = postSolution
		SolutionGuid = {FECD70DF-91E2-45B6-81F5-22777FEE4F92}
	EndGlobalSection
EndGlobal
